// !$*UTF8*$!
{
	archiveVersion = 1;
	classes = {
	};
	objectVersion = 56;
	objects = {

/* Begin PBXBuildFile section */
		865E10962A588DEA005F5837 /* AppDelegate.swift in Sources */ = {isa = PBXBuildFile; fileRef = 865E10952A588DEA005F5837 /* AppDelegate.swift */; };
		865E10982A588DEA005F5837 /* SceneDelegate.swift in Sources */ = {isa = PBXBuildFile; fileRef = 865E10972A588DEA005F5837 /* SceneDelegate.swift */; };
		865E109A2A588DEA005F5837 /* ListViewController.swift in Sources */ = {isa = PBXBuildFile; fileRef = 865E10992A588DEA005F5837 /* ListViewController.swift */; };
		865E109D2A588DEA005F5837 /* Main.storyboard in Resources */ = {isa = PBXBuildFile; fileRef = 865E109B2A588DEA005F5837 /* Main.storyboard */; };
		865E109F2A588DEB005F5837 /* Assets.xcassets in Resources */ = {isa = PBXBuildFile; fileRef = 865E109E2A588DEB005F5837 /* Assets.xcassets */; };
		865E10A22A588DEB005F5837 /* LaunchScreen.storyboard in Resources */ = {isa = PBXBuildFile; fileRef = 865E10A02A588DEB005F5837 /* LaunchScreen.storyboard */; };
		865E10AA2A588E6E005F5837 /* NetworkManager.swift in Sources */ = {isa = PBXBuildFile; fileRef = 865E10A92A588E6E005F5837 /* NetworkManager.swift */; };
		865E10AD2A589F89005F5837 /* ListViewModel.swift in Sources */ = {isa = PBXBuildFile; fileRef = 865E10AC2A589F89005F5837 /* ListViewModel.swift */; };
		865E10B02A58BC1C005F5837 /* ListView.swift in Sources */ = {isa = PBXBuildFile; fileRef = 865E10AF2A58BC1C005F5837 /* ListView.swift */; };
		865E10B22A58BD5E005F5837 /* ListModel.swift in Sources */ = {isa = PBXBuildFile; fileRef = 865E10B12A58BD5E005F5837 /* ListModel.swift */; };
		868484352A5C5330006C4711 /* Extensiones.swift in Sources */ = {isa = PBXBuildFile; fileRef = 868484342A5C5330006C4711 /* Extensiones.swift */; };
		868484382A5DB6BA006C4711 /* ListDataSource.swift in Sources */ = {isa = PBXBuildFile; fileRef = 868484372A5DB6BA006C4711 /* ListDataSource.swift */; };
/* End PBXBuildFile section */

/* Begin PBXFileReference section */
		865E10922A588DEA005F5837 /* MVVMExample.app */ = {isa = PBXFileReference; explicitFileType = wrapper.application; includeInIndex = 0; path = MVVMExample.app; sourceTree = BUILT_PRODUCTS_DIR; };
		865E10952A588DEA005F5837 /* AppDelegate.swift */ = {isa = PBXFileReference; lastKnownFileType = sourcecode.swift; path = AppDelegate.swift; sourceTree = "<group>"; };
		865E10972A588DEA005F5837 /* SceneDelegate.swift */ = {isa = PBXFileReference; lastKnownFileType = sourcecode.swift; path = SceneDelegate.swift; sourceTree = "<group>"; };
		865E10992A588DEA005F5837 /* ListViewController.swift */ = {isa = PBXFileReference; lastKnownFileType = sourcecode.swift; path = ListViewController.swift; sourceTree = "<group>"; };
		865E109C2A588DEA005F5837 /* Base */ = {isa = PBXFileReference; lastKnownFileType = file.storyboard; name = Base; path = Base.lproj/Main.storyboard; sourceTree = "<group>"; };
		865E109E2A588DEB005F5837 /* Assets.xcassets */ = {isa = PBXFileReference; lastKnownFileType = folder.assetcatalog; path = Assets.xcassets; sourceTree = "<group>"; };
		865E10A12A588DEB005F5837 /* Base */ = {isa = PBXFileReference; lastKnownFileType = file.storyboard; name = Base; path = Base.lproj/LaunchScreen.storyboard; sourceTree = "<group>"; };
		865E10A32A588DEB005F5837 /* Info.plist */ = {isa = PBXFileReference; lastKnownFileType = text.plist.xml; path = Info.plist; sourceTree = "<group>"; };
		865E10A92A588E6E005F5837 /* NetworkManager.swift */ = {isa = PBXFileReference; lastKnownFileType = sourcecode.swift; path = NetworkManager.swift; sourceTree = "<group>"; };
		865E10AC2A589F89005F5837 /* ListViewModel.swift */ = {isa = PBXFileReference; lastKnownFileType = sourcecode.swift; path = ListViewModel.swift; sourceTree = "<group>"; };
		865E10AF2A58BC1C005F5837 /* ListView.swift */ = {isa = PBXFileReference; lastKnownFileType = sourcecode.swift; path = ListView.swift; sourceTree = "<group>"; };
		865E10B12A58BD5E005F5837 /* ListModel.swift */ = {isa = PBXFileReference; lastKnownFileType = sourcecode.swift; path = ListModel.swift; sourceTree = "<group>"; };
		868484342A5C5330006C4711 /* Extensiones.swift */ = {isa = PBXFileReference; lastKnownFileType = sourcecode.swift; path = Extensiones.swift; sourceTree = "<group>"; };
		868484372A5DB6BA006C4711 /* ListDataSource.swift */ = {isa = PBXFileReference; lastKnownFileType = sourcecode.swift; path = ListDataSource.swift; sourceTree = "<group>"; };
/* End PBXFileReference section */

/* Begin PBXFrameworksBuildPhase section */
		865E108F2A588DEA005F5837 /* Frameworks */ = {
			isa = PBXFrameworksBuildPhase;
			buildActionMask = 2147483647;
			files = (
			);
			runOnlyForDeploymentPostprocessing = 0;
		};
/* End PBXFrameworksBuildPhase section */

/* Begin PBXGroup section */
		865E10892A588DEA005F5837 = {
			isa = PBXGroup;
			children = (
				865E10942A588DEA005F5837 /* MVVMExample */,
				865E10932A588DEA005F5837 /* Products */,
			);
			sourceTree = "<group>";
		};
		865E10932A588DEA005F5837 /* Products */ = {
			isa = PBXGroup;
			children = (
				865E10922A588DEA005F5837 /* MVVMExample.app */,
			);
			name = Products;
			sourceTree = "<group>";
		};
		865E10942A588DEA005F5837 /* MVVMExample */ = {
			isa = PBXGroup;
			children = (
				865E10AB2A588E86005F5837 /* Network */,
				868484332A5C5325006C4711 /* Util */,
				865E10AE2A58BBBF005F5837 /* List */,
				865E10952A588DEA005F5837 /* AppDelegate.swift */,
				865E10972A588DEA005F5837 /* SceneDelegate.swift */,
				865E109B2A588DEA005F5837 /* Main.storyboard */,
				865E109E2A588DEB005F5837 /* Assets.xcassets */,
				865E10A02A588DEB005F5837 /* LaunchScreen.storyboard */,
				865E10A32A588DEB005F5837 /* Info.plist */,
			);
			path = MVVMExample;
			sourceTree = "<group>";
		};
		865E10AB2A588E86005F5837 /* Network */ = {
			isa = PBXGroup;
			children = (
				865E10A92A588E6E005F5837 /* NetworkManager.swift */,
			);
			path = Network;
			sourceTree = "<group>";
		};
		865E10AE2A58BBBF005F5837 /* List */ = {
			isa = PBXGroup;
			children = (
				865E10B12A58BD5E005F5837 /* ListModel.swift */,
				865E10992A588DEA005F5837 /* ListViewController.swift */,
				865E10AF2A58BC1C005F5837 /* ListView.swift */,
				865E10AC2A589F89005F5837 /* ListViewModel.swift */,
				868484372A5DB6BA006C4711 /* ListDataSource.swift */,
			);
			path = List;
			sourceTree = "<group>";
		};
		868484332A5C5325006C4711 /* Util */ = {
			isa = PBXGroup;
			children = (
				868484342A5C5330006C4711 /* Extensiones.swift */,
			);
			path = Util;
			sourceTree = "<group>";
		};
/* End PBXGroup section */

/* Begin PBXNativeTarget section */
		865E10912A588DEA005F5837 /* MVVMExample */ = {
			isa = PBXNativeTarget;
			buildConfigurationList = 865E10A62A588DEB005F5837 /* Build configuration list for PBXNativeTarget "MVVMExample" */;
			buildPhases = (
				865E108E2A588DEA005F5837 /* Sources */,
				865E108F2A588DEA005F5837 /* Frameworks */,
				865E10902A588DEA005F5837 /* Resources */,
			);
			buildRules = (
			);
			dependencies = (
			);
			name = MVVMExample;
			productName = MVVMExample;
			productReference = 865E10922A588DEA005F5837 /* MVVMExample.app */;
			productType = "com.apple.product-type.application";
		};
/* End PBXNativeTarget section */

/* Begin PBXProject section */
		865E108A2A588DEA005F5837 /* Project object */ = {
			isa = PBXProject;
			attributes = {
				BuildIndependentTargetsInParallel = 1;
				LastSwiftUpdateCheck = 1430;
				LastUpgradeCheck = 1430;
				TargetAttributes = {
					865E10912A588DEA005F5837 = {
						CreatedOnToolsVersion = 14.3.1;
					};
				};
			};
			buildConfigurationList = 865E108D2A588DEA005F5837 /* Build configuration list for PBXProject "MVVMExample" */;
			compatibilityVersion = "Xcode 14.0";
			developmentRegion = en;
			hasScannedForEncodings = 0;
			knownRegions = (
				en,
				Base,
			);
			mainGroup = 865E10892A588DEA005F5837;
			productRefGroup = 865E10932A588DEA005F5837 /* Products */;
			projectDirPath = "";
			projectRoot = "";
			targets = (
				865E10912A588DEA005F5837 /* MVVMExample */,
			);
		};
/* End PBXProject section */

/* Begin PBXResourcesBuildPhase section */
		865E10902A588DEA005F5837 /* Resources */ = {
			isa = PBXResourcesBuildPhase;
			buildActionMask = 2147483647;
			files = (
				865E10A22A588DEB005F5837 /* LaunchScreen.storyboard in Resources */,
				865E109F2A588DEB005F5837 /* Assets.xcassets in Resources */,
				865E109D2A588DEA005F5837 /* Main.storyboard in Resources */,
			);
			runOnlyForDeploymentPostprocessing = 0;
		};
/* End PBXResourcesBuildPhase section */

/* Begin PBXSourcesBuildPhase section */
		865E108E2A588DEA005F5837 /* Sources */ = {
			isa = PBXSourcesBuildPhase;
			buildActionMask = 2147483647;
			files = (
				865E10AA2A588E6E005F5837 /* NetworkManager.swift in Sources */,
				868484352A5C5330006C4711 /* Extensiones.swift in Sources */,
				865E109A2A588DEA005F5837 /* ListViewController.swift in Sources */,
				865E10B02A58BC1C005F5837 /* ListView.swift in Sources */,
				868484382A5DB6BA006C4711 /* ListDataSource.swift in Sources */,
				865E10AD2A589F89005F5837 /* ListViewModel.swift in Sources */,
				865E10B22A58BD5E005F5837 /* ListModel.swift in Sources */,
				865E10962A588DEA005F5837 /* AppDelegate.swift in Sources */,
				865E10982A588DEA005F5837 /* SceneDelegate.swift in Sources */,
			);
			runOnlyForDeploymentPostprocessing = 0;
		};
/* End PBXSourcesBuildPhase section */

/* Begin PBXVariantGroup section */
		865E109B2A588DEA005F5837 /* Main.storyboard */ = {
			isa = PBXVariantGroup;
			children = (
				865E109C2A588DEA005F5837 /* Base */,
			);
			name = Main.storyboard;
			sourceTree = "<group>";
		};
		865E10A02A588DEB005F5837 /* LaunchScreen.storyboard */ = {
			isa = PBXVariantGroup;
			children = (
				865E10A12A588DEB005F5837 /* Base */,
			);
			name = LaunchScreen.storyboard;
			sourceTree = "<group>";
		};
/* End PBXVariantGroup section */

/* Begin XCBuildConfiguration section */
		865E10A42A588DEB005F5837 /* Debug */ = {
			isa = XCBuildConfiguration;
			buildSettings = {
				ALWAYS_SEARCH_USER_PATHS = NO;
				CLANG_ANALYZER_NONNULL = YES;
				CLANG_ANALYZER_NUMBER_OBJECT_CONVERSION = YES_AGGRESSIVE;
				CLANG_CXX_LANGUAGE_STANDARD = "gnu++20";
				CLANG_ENABLE_MODULES = YES;
				CLANG_ENABLE_OBJC_ARC = YES;
				CLANG_ENABLE_OBJC_WEAK = YES;
				CLANG_WARN_BLOCK_CAPTURE_AUTORELEASING = YES;
				CLANG_WARN_BOOL_CONVERSION = YES;
				CLANG_WARN_COMMA = YES;
				CLANG_WARN_CONSTANT_CONVERSION = YES;
				CLANG_WARN_DEPRECATED_OBJC_IMPLEMENTATIONS = YES;
				CLANG_WARN_DIRECT_OBJC_ISA_USAGE = YES_ERROR;
				CLANG_WARN_DOCUMENTATION_COMMENTS = YES;
				CLANG_WARN_EMPTY_BODY = YES;
				CLANG_WARN_ENUM_CONVERSION = YES;
				CLANG_WARN_INFINITE_RECURSION = YES;
				CLANG_WARN_INT_CONVERSION = YES;
				CLANG_WARN_NON_LITERAL_NULL_CONVERSION = YES;
				CLANG_WARN_OBJC_IMPLICIT_RETAIN_SELF = YES;
				CLANG_WARN_OBJC_LITERAL_CONVERSION = YES;
				CLANG_WARN_OBJC_ROOT_CLASS = YES_ERROR;
				CLANG_WARN_QUOTED_INCLUDE_IN_FRAMEWORK_HEADER = YES;
				CLANG_WARN_RANGE_LOOP_ANALYSIS = YES;
				CLANG_WARN_STRICT_PROTOTYPES = YES;
				CLANG_WARN_SUSPICIOUS_MOVE = YES;
				CLANG_WARN_UNGUARDED_AVAILABILITY = YES_AGGRESSIVE;
				CLANG_WARN_UNREACHABLE_CODE = YES;
				CLANG_WARN__DUPLICATE_METHOD_MATCH = YES;
				COPY_PHASE_STRIP = NO;
				DEBUG_INFORMATION_FORMAT = dwarf;
				ENABLE_STRICT_OBJC_MSGSEND = YES;
				ENABLE_TESTABILITY = YES;
				GCC_C_LANGUAGE_STANDARD = gnu11;
				GCC_DYNAMIC_NO_PIC = NO;
				GCC_NO_COMMON_BLOCKS = YES;
				GCC_OPTIMIZATION_LEVEL = 0;
				GCC_PREPROCESSOR_DEFINITIONS = (
					"DEBUG=1",
					"$(inherited)",
				);
				GCC_WARN_64_TO_32_BIT_CONVERSION = YES;
				GCC_WARN_ABOUT_RETURN_TYPE = YES_ERROR;
				GCC_WARN_UNDECLARED_SELECTOR = YES;
				GCC_WARN_UNINITIALIZED_AUTOS = YES_AGGRESSIVE;
				GCC_WARN_UNUSED_FUNCTION = YES;
				GCC_WARN_UNUSED_VARIABLE = YES;
				IPHONEOS_DEPLOYMENT_TARGET = 16.4;
				MTL_ENABLE_DEBUG_INFO = INCLUDE_SOURCE;
				MTL_FAST_MATH = YES;
				ONLY_ACTIVE_ARCH = YES;
				SDKROOT = iphoneos;
				SWIFT_ACTIVE_COMPILATION_CONDITIONS = DEBUG;
				SWIFT_OPTIMIZATION_LEVEL = "-Onone";
			};
			name = Debug;
		};
		865E10A52A588DEB005F5837 /* Release */ = {
			isa = XCBuildConfiguration;
			buildSettings = {
				ALWAYS_SEARCH_USER_PATHS = NO;
				CLANG_ANALYZER_NONNULL = YES;
				CLANG_ANALYZER_NUMBER_OBJECT_CONVERSION = YES_AGGRESSIVE;
				CLANG_CXX_LANGUAGE_STANDARD = "gnu++20";
				CLANG_ENABLE_MODULES = YES;
				CLANG_ENABLE_OBJC_ARC = YES;
				CLANG_ENABLE_OBJC_WEAK = YES;
				CLANG_WARN_BLOCK_CAPTURE_AUTORELEASING = YES;
				CLANG_WARN_BOOL_CONVERSION = YES;
				CLANG_WARN_COMMA = YES;
				CLANG_WARN_CONSTANT_CONVERSION = YES;
				CLANG_WARN_DEPRECATED_OBJC_IMPLEMENTATIONS = YES;
				CLANG_WARN_DIRECT_OBJC_ISA_USAGE = YES_ERROR;
				CLANG_WARN_DOCUMENTATION_COMMENTS = YES;
				CLANG_WARN_EMPTY_BODY = YES;
				CLANG_WARN_ENUM_CONVERSION = YES;
				CLANG_WARN_INFINITE_RECURSION = YES;
				CLANG_WARN_INT_CONVERSION = YES;
				CLANG_WARN_NON_LITERAL_NULL_CONVERSION = YES;
				CLANG_WARN_OBJC_IMPLICIT_RETAIN_SELF = YES;
				CLANG_WARN_OBJC_LITERAL_CONVERSION = YES;
				CLANG_WARN_OBJC_ROOT_CLASS = YES_ERROR;
				CLANG_WARN_QUOTED_INCLUDE_IN_FRAMEWORK_HEADER = YES;
				CLANG_WARN_RANGE_LOOP_ANALYSIS = YES;
				CLANG_WARN_STRICT_PROTOTYPES = YES;
				CLANG_WARN_SUSPICIOUS_MOVE = YES;
				CLANG_WARN_UNGUARDED_AVAILABILITY = YES_AGGRESSIVE;
				CLANG_WARN_UNREACHABLE_CODE = YES;
				CLANG_WARN__DUPLICATE_METHOD_MATCH = YES;
				COPY_PHASE_STRIP = NO;
				DEBUG_INFORMATION_FORMAT = "dwarf-with-dsym";
				ENABLE_NS_ASSERTIONS = NO;
				ENABLE_STRICT_OBJC_MSGSEND = YES;
				GCC_C_LANGUAGE_STANDARD = gnu11;
				GCC_NO_COMMON_BLOCKS = YES;
				GCC_WARN_64_TO_32_BIT_CONVERSION = YES;
				GCC_WARN_ABOUT_RETURN_TYPE = YES_ERROR;
				GCC_WARN_UNDECLARED_SELECTOR = YES;
				GCC_WARN_UNINITIALIZED_AUTOS = YES_AGGRESSIVE;
				GCC_WARN_UNUSED_FUNCTION = YES;
				GCC_WARN_UNUSED_VARIABLE = YES;
				IPHONEOS_DEPLOYMENT_TARGET = 16.4;
				MTL_ENABLE_DEBUG_INFO = NO;
				MTL_FAST_MATH = YES;
				SDKROOT = iphoneos;
				SWIFT_COMPILATION_MODE = wholemodule;
				SWIFT_OPTIMIZATION_LEVEL = "-O";
				VALIDATE_PRODUCT = YES;
			};
			name = Release;
		};
		865E10A72A588DEB005F5837 /* Debug */ = {
			isa = XCBuildConfiguration;
			buildSettings = {
				ASSETCATALOG_COMPILER_APPICON_NAME = AppIcon;
				ASSETCATALOG_COMPILER_GLOBAL_ACCENT_COLOR_NAME = AccentColor;
				CODE_SIGN_STYLE = Automatic;
				CURRENT_PROJECT_VERSION = 1;
				GENERATE_INFOPLIST_FILE = YES;
				INFOPLIST_FILE = MVVMExample/Info.plist;
				INFOPLIST_KEY_UIApplicationSupportsIndirectInputEvents = YES;
				INFOPLIST_KEY_UILaunchStoryboardName = LaunchScreen;
				INFOPLIST_KEY_UIMainStoryboardFile = Main;
				INFOPLIST_KEY_UISupportedInterfaceOrientations_iPad = "UIInterfaceOrientationPortrait UIInterfaceOrientationPortraitUpsideDown UIInterfaceOrientationLandscapeLeft UIInterfaceOrientationLandscapeRight";
				INFOPLIST_KEY_UISupportedInterfaceOrientations_iPhone = "UIInterfaceOrientationPortrait UIInterfaceOrientationLandscapeLeft UIInterfaceOrientationLandscapeRight";
				LD_RUNPATH_SEARCH_PATHS = (
					"$(inherited)",
					"@executable_path/Frameworks",
				);
				MARKETING_VERSION = 1.0;
				PRODUCT_BUNDLE_IDENTIFIER = com.diegoruizbautista.www.MVVMExample;
				PRODUCT_NAME = "$(TARGET_NAME)";
				SWIFT_EMIT_LOC_STRINGS = YES;
				SWIFT_VERSION = 5.0;
				TARGETED_DEVICE_FAMILY = "1,2";
			};
			name = Debug;
		};
		865E10A82A588DEB005F5837 /* Release */ = {
			isa = XCBuildConfiguration;
			buildSettings = {
				ASSETCATALOG_COMPILER_APPICON_NAME = AppIcon;
				ASSETCATALOG_COMPILER_GLOBAL_ACCENT_COLOR_NAME = AccentColor;
				CODE_SIGN_STYLE = Automatic;
				CURRENT_PROJECT_VERSION = 1;
				GENERATE_INFOPLIST_FILE = YES;
				INFOPLIST_FILE = MVVMExample/Info.plist;
				INFOPLIST_KEY_UIApplicationSupportsIndirectInputEvents = YES;
				INFOPLIST_KEY_UILaunchStoryboardName = LaunchScreen;
				INFOPLIST_KEY_UIMainStoryboardFile = Main;
				INFOPLIST_KEY_UISupportedInterfaceOrientations_iPad = "UIInterfaceOrientationPortrait UIInterfaceOrientationPortraitUpsideDown UIInterfaceOrientationLandscapeLeft UIInterfaceOrientationLandscapeRight";
				INFOPLIST_KEY_UISupportedInterfaceOrientations_iPhone = "UIInterfaceOrientationPortrait UIInterfaceOrientationLandscapeLeft UIInterfaceOrientationLandscapeRight";
				LD_RUNPATH_SEARCH_PATHS = (
					"$(inherited)",
					"@executable_path/Frameworks",
				);
				MARKETING_VERSION = 1.0;
				PRODUCT_BUNDLE_IDENTIFIER = com.diegoruizbautista.www.MVVMExample;
				PRODUCT_NAME = "$(TARGET_NAME)";
				SWIFT_EMIT_LOC_STRINGS = YES;
				SWIFT_VERSION = 5.0;
				TARGETED_DEVICE_FAMILY = "1,2";
			};
			name = Release;
		};
/* End XCBuildConfiguration section */

/* Begin XCConfigurationList section */
		865E108D2A588DEA005F5837 /* Build configuration list for PBXProject "MVVMExample" */ = {
			isa = XCConfigurationList;
			buildConfigurations = (
				865E10A42A588DEB005F5837 /* Debug */,
				865E10A52A588DEB005F5837 /* Release */,
			);
			defaultConfigurationIsVisible = 0;
			defaultConfigurationName = Release;
		};
		865E10A62A588DEB005F5837 /* Build configuration list for PBXNativeTarget "MVVMExample" */ = {
			isa = XCConfigurationList;
			buildConfigurations = (
				865E10A72A588DEB005F5837 /* Debug */,
				865E10A82A588DEB005F5837 /* Release */,
			);
			defaultConfigurationIsVisible = 0;
			defaultConfigurationName = Release;
		};
/* End XCConfigurationList section */
	};
	rootObject = 865E108A2A588DEA005F5837 /* Project object */;
}
